
Microsoft Visual Studio Solution File, Format Version 12.00
# Visual Studio 2012
Project("{8BC9CEB8-8B4A-11D0-8D11-00A0C91BC942}") = "Lab-7.2.3(1)_exceptions_input_validation", "Lab-7.2.3(1)_exceptions_input_validation\Lab-7.2.3(1)_exceptions_input_validation.vcxproj", "{5F3854CF-D147-4E24-9A4D-80ADE0B6EB84}"
EndProject
Global
	GlobalSection(SolutionConfigurationPlatforms) = preSolution
		Debug|Win32 = Debug|Win32
		Release|Win32 = Release|Win32
	EndGlobalSection
	GlobalSection(ProjectConfigurationPlatforms) = postSolution
		{5F3854CF-D147-4E24-9A4D-80ADE0B6EB84}.Debug|Win32.ActiveCfg = Debug|Win32
		{5F3854CF-D147-4E24-9A4D-80ADE0B6EB84}.Debug|Win32.Build.0 = Debug|Win32
		{5F3854CF-D147-4E24-9A4D-80ADE0B6EB84}.Release|Win32.ActiveCfg = Release|Win32
		{5F3854CF-D147-4E24-9A4D-80ADE0B6EB84}.Release|Win32.Build.0 = Release|Win32
	EndGlobalSection
	GlobalSection(SolutionProperties) = preSolution
		HideSolutionNode = FALSE
	EndGlobalSection
EndGlobal
