
Microsoft Visual Studio Solution File, Format Version 12.00
# Visual Studio 2012
Project("{8BC9CEB8-8B4A-11D0-8D11-00A0C91BC942}") = "Lab-1-4-40", "Lab-1-4-40\Lab-1-4-40.vcxproj", "{422E9C14-75BB-4757-9A0B-A49C84A0BBC9}"
EndProject
Global
	GlobalSection(SolutionConfigurationPlatforms) = preSolution
		Debug|Win32 = Debug|Win32
		Release|Win32 = Release|Win32
	EndGlobalSection
	GlobalSection(ProjectConfigurationPlatforms) = postSolution
		{422E9C14-75BB-4757-9A0B-A49C84A0BBC9}.Debug|Win32.ActiveCfg = Debug|Win32
		{422E9C14-75BB-4757-9A0B-A49C84A0BBC9}.Debug|Win32.Build.0 = Debug|Win32
		{422E9C14-75BB-4757-9A0B-A49C84A0BBC9}.Release|Win32.ActiveCfg = Release|Win32
		{422E9C14-75BB-4757-9A0B-A49C84A0BBC9}.Release|Win32.Build.0 = Release|Win32
	EndGlobalSection
	GlobalSection(SolutionProperties) = preSolution
		HideSolutionNode = FALSE
	EndGlobalSection
EndGlobal
