
Microsoft Visual Studio Solution File, Format Version 12.00
# Visual Studio 2012
Project("{8BC9CEB8-8B4A-11D0-8D11-00A0C91BC942}") = "Lab-5.1.9(3)", "Lab-5.1.9(3)\Lab-5.1.9(3).vcxproj", "{C88C34F6-DA03-403A-834B-5C3D857ACDA5}"
EndProject
Global
	GlobalSection(SolutionConfigurationPlatforms) = preSolution
		Debug|Win32 = Debug|Win32
		Release|Win32 = Release|Win32
	EndGlobalSection
	GlobalSection(ProjectConfigurationPlatforms) = postSolution
		{C88C34F6-DA03-403A-834B-5C3D857ACDA5}.Debug|Win32.ActiveCfg = Debug|Win32
		{C88C34F6-DA03-403A-834B-5C3D857ACDA5}.Debug|Win32.Build.0 = Debug|Win32
		{C88C34F6-DA03-403A-834B-5C3D857ACDA5}.Release|Win32.ActiveCfg = Release|Win32
		{C88C34F6-DA03-403A-834B-5C3D857ACDA5}.Release|Win32.Build.0 = Release|Win32
	EndGlobalSection
	GlobalSection(SolutionProperties) = preSolution
		HideSolutionNode = FALSE
	EndGlobalSection
EndGlobal
