
Microsoft Visual Studio Solution File, Format Version 12.00
# Visual Studio 2012
Project("{8BC9CEB8-8B4A-11D0-8D11-00A0C91BC942}") = "Lab-4.2.5(1)", "Lab-4.2.5(1)\Lab-4.2.5(1).vcxproj", "{CD2F1E07-4FA8-4E94-AF8F-026D8C5D3766}"
EndProject
Global
	GlobalSection(SolutionConfigurationPlatforms) = preSolution
		Debug|Win32 = Debug|Win32
		Release|Win32 = Release|Win32
	EndGlobalSection
	GlobalSection(ProjectConfigurationPlatforms) = postSolution
		{CD2F1E07-4FA8-4E94-AF8F-026D8C5D3766}.Debug|Win32.ActiveCfg = Debug|Win32
		{CD2F1E07-4FA8-4E94-AF8F-026D8C5D3766}.Debug|Win32.Build.0 = Debug|Win32
		{CD2F1E07-4FA8-4E94-AF8F-026D8C5D3766}.Release|Win32.ActiveCfg = Release|Win32
		{CD2F1E07-4FA8-4E94-AF8F-026D8C5D3766}.Release|Win32.Build.0 = Release|Win32
	EndGlobalSection
	GlobalSection(SolutionProperties) = preSolution
		HideSolutionNode = FALSE
	EndGlobalSection
EndGlobal
