
Microsoft Visual Studio Solution File, Format Version 12.00
# Visual Studio 2012
Project("{8BC9CEB8-8B4A-11D0-8D11-00A0C91BC942}") = "Lab-3.2.12(1)", "Lab-3.2.12(1)\Lab-3.2.12(1).vcxproj", "{AE23BDDC-5981-4E64-8542-0C54BC1F57B0}"
EndProject
Global
	GlobalSection(SolutionConfigurationPlatforms) = preSolution
		Debug|Win32 = Debug|Win32
		Release|Win32 = Release|Win32
	EndGlobalSection
	GlobalSection(ProjectConfigurationPlatforms) = postSolution
		{AE23BDDC-5981-4E64-8542-0C54BC1F57B0}.Debug|Win32.ActiveCfg = Debug|Win32
		{AE23BDDC-5981-4E64-8542-0C54BC1F57B0}.Debug|Win32.Build.0 = Debug|Win32
		{AE23BDDC-5981-4E64-8542-0C54BC1F57B0}.Release|Win32.ActiveCfg = Release|Win32
		{AE23BDDC-5981-4E64-8542-0C54BC1F57B0}.Release|Win32.Build.0 = Release|Win32
	EndGlobalSection
	GlobalSection(SolutionProperties) = preSolution
		HideSolutionNode = FALSE
	EndGlobalSection
EndGlobal
