
Microsoft Visual Studio Solution File, Format Version 12.00
# Visual Studio 2012
Project("{8BC9CEB8-8B4A-11D0-8D11-00A0C91BC942}") = "Lab-5.3.13(2)_singly_linked_list_p2", "Lab-5.3.13(2)_singly_linked_list_p2\Lab-5.3.13(2)_singly_linked_list_p2.vcxproj", "{254F8D77-4D09-4DD1-A805-C2FEFB7EE5CE}"
EndProject
Global
	GlobalSection(SolutionConfigurationPlatforms) = preSolution
		Debug|Win32 = Debug|Win32
		Release|Win32 = Release|Win32
	EndGlobalSection
	GlobalSection(ProjectConfigurationPlatforms) = postSolution
		{254F8D77-4D09-4DD1-A805-C2FEFB7EE5CE}.Debug|Win32.ActiveCfg = Debug|Win32
		{254F8D77-4D09-4DD1-A805-C2FEFB7EE5CE}.Debug|Win32.Build.0 = Debug|Win32
		{254F8D77-4D09-4DD1-A805-C2FEFB7EE5CE}.Release|Win32.ActiveCfg = Release|Win32
		{254F8D77-4D09-4DD1-A805-C2FEFB7EE5CE}.Release|Win32.Build.0 = Release|Win32
	EndGlobalSection
	GlobalSection(SolutionProperties) = preSolution
		HideSolutionNode = FALSE
	EndGlobalSection
EndGlobal
