
Microsoft Visual Studio Solution File, Format Version 12.00
# Visual Studio 2012
Project("{8BC9CEB8-8B4A-11D0-8D11-00A0C91BC942}") = "Lab-6.4.4(2)_interfaces_and_virtual_func_p2", "Lab-6.4.4(2)_interfaces_and_virtual_func_p2\Lab-6.4.4(2)_interfaces_and_virtual_func_p2.vcxproj", "{6C68D105-4DC6-4040-BC2B-BF77CC16A066}"
EndProject
Global
	GlobalSection(SolutionConfigurationPlatforms) = preSolution
		Debug|Win32 = Debug|Win32
		Release|Win32 = Release|Win32
	EndGlobalSection
	GlobalSection(ProjectConfigurationPlatforms) = postSolution
		{6C68D105-4DC6-4040-BC2B-BF77CC16A066}.Debug|Win32.ActiveCfg = Debug|Win32
		{6C68D105-4DC6-4040-BC2B-BF77CC16A066}.Debug|Win32.Build.0 = Debug|Win32
		{6C68D105-4DC6-4040-BC2B-BF77CC16A066}.Release|Win32.ActiveCfg = Release|Win32
		{6C68D105-4DC6-4040-BC2B-BF77CC16A066}.Release|Win32.Build.0 = Release|Win32
	EndGlobalSection
	GlobalSection(SolutionProperties) = preSolution
		HideSolutionNode = FALSE
	EndGlobalSection
EndGlobal
