
Microsoft Visual Studio Solution File, Format Version 12.00
# Visual Studio 2012
Project("{8BC9CEB8-8B4A-11D0-8D11-00A0C91BC942}") = "Lab-3.8.7(1)", "Lab-3.8.7(1)\Lab-3.8.7(1).vcxproj", "{ADE571F9-4E1D-4B5C-B0D1-8EE150FAEEB8}"
EndProject
Global
	GlobalSection(SolutionConfigurationPlatforms) = preSolution
		Debug|Win32 = Debug|Win32
		Release|Win32 = Release|Win32
	EndGlobalSection
	GlobalSection(ProjectConfigurationPlatforms) = postSolution
		{ADE571F9-4E1D-4B5C-B0D1-8EE150FAEEB8}.Debug|Win32.ActiveCfg = Debug|Win32
		{ADE571F9-4E1D-4B5C-B0D1-8EE150FAEEB8}.Debug|Win32.Build.0 = Debug|Win32
		{ADE571F9-4E1D-4B5C-B0D1-8EE150FAEEB8}.Release|Win32.ActiveCfg = Release|Win32
		{ADE571F9-4E1D-4B5C-B0D1-8EE150FAEEB8}.Release|Win32.Build.0 = Release|Win32
	EndGlobalSection
	GlobalSection(SolutionProperties) = preSolution
		HideSolutionNode = FALSE
	EndGlobalSection
EndGlobal
