
Microsoft Visual Studio Solution File, Format Version 12.00
# Visual Studio 2012
Project("{8BC9CEB8-8B4A-11D0-8D11-00A0C91BC942}") = "Lab-3.4.7(6)", "Lab-3.4.7(6)\Lab-3.4.7(6).vcxproj", "{69CDB0EB-B2D4-4A24-950B-C61F17520419}"
EndProject
Global
	GlobalSection(SolutionConfigurationPlatforms) = preSolution
		Debug|Win32 = Debug|Win32
		Release|Win32 = Release|Win32
	EndGlobalSection
	GlobalSection(ProjectConfigurationPlatforms) = postSolution
		{69CDB0EB-B2D4-4A24-950B-C61F17520419}.Debug|Win32.ActiveCfg = Debug|Win32
		{69CDB0EB-B2D4-4A24-950B-C61F17520419}.Debug|Win32.Build.0 = Debug|Win32
		{69CDB0EB-B2D4-4A24-950B-C61F17520419}.Release|Win32.ActiveCfg = Release|Win32
		{69CDB0EB-B2D4-4A24-950B-C61F17520419}.Release|Win32.Build.0 = Release|Win32
	EndGlobalSection
	GlobalSection(SolutionProperties) = preSolution
		HideSolutionNode = FALSE
	EndGlobalSection
EndGlobal
