
Microsoft Visual Studio Solution File, Format Version 12.00
# Visual Studio 15
VisualStudioVersion = 15.0.27004.2009
MinimumVisualStudioVersion = 10.0.40219.1
Project("{8BC9CEB8-8B4A-11D0-8D11-00A0C91BC942}") = "Lab-2.9.8(1)", "Lab-2.9.8(1)\Lab-2.9.8(1).vcxproj", "{983A0337-F2D7-44D7-8343-EF96F8C3BF34}"
EndProject
Global
	GlobalSection(SolutionConfigurationPlatforms) = preSolution
		Debug|x64 = Debug|x64
		Debug|x86 = Debug|x86
		Release|x64 = Release|x64
		Release|x86 = Release|x86
	EndGlobalSection
	GlobalSection(ProjectConfigurationPlatforms) = postSolution
		{983A0337-F2D7-44D7-8343-EF96F8C3BF34}.Debug|x64.ActiveCfg = Debug|x64
		{983A0337-F2D7-44D7-8343-EF96F8C3BF34}.Debug|x64.Build.0 = Debug|x64
		{983A0337-F2D7-44D7-8343-EF96F8C3BF34}.Debug|x86.ActiveCfg = Debug|Win32
		{983A0337-F2D7-44D7-8343-EF96F8C3BF34}.Debug|x86.Build.0 = Debug|Win32
		{983A0337-F2D7-44D7-8343-EF96F8C3BF34}.Release|x64.ActiveCfg = Release|x64
		{983A0337-F2D7-44D7-8343-EF96F8C3BF34}.Release|x64.Build.0 = Release|x64
		{983A0337-F2D7-44D7-8343-EF96F8C3BF34}.Release|x86.ActiveCfg = Release|Win32
		{983A0337-F2D7-44D7-8343-EF96F8C3BF34}.Release|x86.Build.0 = Release|Win32
	EndGlobalSection
	GlobalSection(SolutionProperties) = preSolution
		HideSolutionNode = FALSE
	EndGlobalSection
	GlobalSection(ExtensibilityGlobals) = postSolution
		SolutionGuid = {0D94DB51-789F-4F77-87E2-8DBF385F848C}
	EndGlobalSection
EndGlobal
