
Microsoft Visual Studio Solution File, Format Version 12.00
# Visual Studio 2012
Project("{8BC9CEB8-8B4A-11D0-8D11-00A0C91BC942}") = "Lab-3.4.7(4)", "Lab-3.4.7(4)\Lab-3.4.7(4).vcxproj", "{3B2BD920-A8AF-4415-8103-8E16F54C26DD}"
EndProject
Global
	GlobalSection(SolutionConfigurationPlatforms) = preSolution
		Debug|Win32 = Debug|Win32
		Release|Win32 = Release|Win32
	EndGlobalSection
	GlobalSection(ProjectConfigurationPlatforms) = postSolution
		{3B2BD920-A8AF-4415-8103-8E16F54C26DD}.Debug|Win32.ActiveCfg = Debug|Win32
		{3B2BD920-A8AF-4415-8103-8E16F54C26DD}.Debug|Win32.Build.0 = Debug|Win32
		{3B2BD920-A8AF-4415-8103-8E16F54C26DD}.Release|Win32.ActiveCfg = Release|Win32
		{3B2BD920-A8AF-4415-8103-8E16F54C26DD}.Release|Win32.Build.0 = Release|Win32
	EndGlobalSection
	GlobalSection(SolutionProperties) = preSolution
		HideSolutionNode = FALSE
	EndGlobalSection
EndGlobal
