
Microsoft Visual Studio Solution File, Format Version 12.00
# Visual Studio 2012
Project("{8BC9CEB8-8B4A-11D0-8D11-00A0C91BC942}") = "Lab-5.3.13(7)_singly_linked_list_p7", "Lab-5.3.13(7)_singly_linked_list_p7\Lab-5.3.13(7)_singly_linked_list_p7.vcxproj", "{DEF18A80-A5DF-4605-BD77-65A285C4879C}"
EndProject
Global
	GlobalSection(SolutionConfigurationPlatforms) = preSolution
		Debug|Win32 = Debug|Win32
		Release|Win32 = Release|Win32
	EndGlobalSection
	GlobalSection(ProjectConfigurationPlatforms) = postSolution
		{DEF18A80-A5DF-4605-BD77-65A285C4879C}.Debug|Win32.ActiveCfg = Debug|Win32
		{DEF18A80-A5DF-4605-BD77-65A285C4879C}.Debug|Win32.Build.0 = Debug|Win32
		{DEF18A80-A5DF-4605-BD77-65A285C4879C}.Release|Win32.ActiveCfg = Release|Win32
		{DEF18A80-A5DF-4605-BD77-65A285C4879C}.Release|Win32.Build.0 = Release|Win32
	EndGlobalSection
	GlobalSection(SolutionProperties) = preSolution
		HideSolutionNode = FALSE
	EndGlobalSection
EndGlobal
