
Microsoft Visual Studio Solution File, Format Version 12.00
# Visual Studio 2012
Project("{8BC9CEB8-8B4A-11D0-8D11-00A0C91BC942}") = "Lab-2.3.19(4)", "Lab-2.3.19(4)\Lab-2.3.19(4).vcxproj", "{9B04364C-73B8-4537-A291-E0CC740A1A34}"
EndProject
Global
	GlobalSection(SolutionConfigurationPlatforms) = preSolution
		Debug|Win32 = Debug|Win32
		Release|Win32 = Release|Win32
	EndGlobalSection
	GlobalSection(ProjectConfigurationPlatforms) = postSolution
		{9B04364C-73B8-4537-A291-E0CC740A1A34}.Debug|Win32.ActiveCfg = Debug|Win32
		{9B04364C-73B8-4537-A291-E0CC740A1A34}.Debug|Win32.Build.0 = Debug|Win32
		{9B04364C-73B8-4537-A291-E0CC740A1A34}.Release|Win32.ActiveCfg = Release|Win32
		{9B04364C-73B8-4537-A291-E0CC740A1A34}.Release|Win32.Build.0 = Release|Win32
	EndGlobalSection
	GlobalSection(SolutionProperties) = preSolution
		HideSolutionNode = FALSE
	EndGlobalSection
EndGlobal
